<?xml version="1.0" encoding="utf-8"?>
<Project ToolsVersion="4.0" xmlns="http://schemas.microsoft.com/developer/msbuild/2003">
  <ItemGroup>
    <Filter Include="Source files">
      <UniqueIdentifier>{4FC737F1-C7A5-4376-A066-2A32D752A2FF}</UniqueIdentifier>
      <Extensions>cpp;c;cc;cxx;def;odl;idl;hpj;bat;asm;asmx</Extensions>
    </Filter>
    <Filter Include="Resource files">
      <UniqueIdentifier>{67DA6AB6-F800-4c08-8B7A-83BB121AAD01}</UniqueIdentifier>
      <Extensions>rc;ico;cur;bmp;dlg;rc2;rct;bin;rgs;gif;jpg;jpeg;jpe;resx;tiff;tif;png;wav;mfcribbon-ms</Extensions>
    </Filter>
    <Filter Include="Header files">
      <UniqueIdentifier>{93995380-89BD-4b04-88EB-625FBE52EBFB}</UniqueIdentifier>
      <Extensions>h;hh;hpp;hxx;hm;inl;inc;ipp;xsd</Extensions>
    </Filter>
    <Filter Include="Objects">
      <UniqueIdentifier>{e38faabe-05b3-4088-b95f-a753d23b1f34}</UniqueIdentifier>
    </Filter>
  </ItemGroup>
  <ItemGroup>
    <ClCompile Include="kg.cpp">
      <Filter>Source files</Filter>
    </ClCompile>
  </ItemGroup>
  <ItemGroup>
    <ClInclude Include="display.h">
      <Filter>Header files</Filter>
    </ClInclude>
    <ClInclude Include="scene.h">
      <Filter>Header files</Filter>
    </ClInclude>
    <ClInclude Include="geometry.h">
      <Filter>Header files</Filter>
    </ClInclude>
    <ClInclude Include="trace.h">
      <Filter>Header files</Filter>
    </ClInclude>
    <ClInclude Include="Objects\sphere.h">
      <Filter>Objects</Filter>
    </ClInclude>
    <ClInclude Include="Objects\material.h">
      <Filter>Objects</Filter>
    </ClInclude>
    <ClInclude Include="Objects\light.h">
      <Filter>Objects</Filter>
    </ClInclude>
    <ClInclude Include="Objects\planet.h">
      <Filter>Objects</Filter>
    </ClInclude>
    <ClInclude Include="image.h">
      <Filter>Objects</Filter>
    </ClInclude>
  </ItemGroup>
  <ItemGroup>
    <None Include="packages.config" />
  </ItemGroup>
</Project>